// !$*UTF8*$!
{
	archiveVersion = 1;
	classes = {
	};
	objectVersion = 55;
	objects = {

/* Begin PBXBuildFile section */
		E165D7EE28726854005FB752 /* AppDelegate.swift in Sources */ = {isa = PBXBuildFile; fileRef = E165D7ED28726854005FB752 /* AppDelegate.swift */; };
		E165D7F028726854005FB752 /* SceneDelegate.swift in Sources */ = {isa = PBXBuildFile; fileRef = E165D7EF28726854005FB752 /* SceneDelegate.swift */; };
		E165D7F228726854005FB752 /* ViewController.swift in Sources */ = {isa = PBXBuildFile; fileRef = E165D7F128726854005FB752 /* ViewController.swift */; };
		E165D7F528726854005FB752 /* Main.storyboard in Resources */ = {isa = PBXBuildFile; fileRef = E165D7F328726854005FB752 /* Main.storyboard */; };
		E165D7F728726856005FB752 /* Assets.xcassets in Resources */ = {isa = PBXBuildFile; fileRef = E165D7F628726856005FB752 /* Assets.xcassets */; };
		E165D7FA28726856005FB752 /* LaunchScreen.storyboard in Resources */ = {isa = PBXBuildFile; fileRef = E165D7F828726856005FB752 /* LaunchScreen.storyboard */; };
		E165D80528726856005FB752 /* MyProyectStoryboardTests.swift in Sources */ = {isa = PBXBuildFile; fileRef = E165D80428726856005FB752 /* MyProyectStoryboardTests.swift */; };
		E165D80F28726856005FB752 /* MyProyectStoryboardUITests.swift in Sources */ = {isa = PBXBuildFile; fileRef = E165D80E28726856005FB752 /* MyProyectStoryboardUITests.swift */; };
		E165D81128726856005FB752 /* MyProyectStoryboardUITestsLaunchTests.swift in Sources */ = {isa = PBXBuildFile; fileRef = E165D81028726856005FB752 /* MyProyectStoryboardUITestsLaunchTests.swift */; };
/* End PBXBuildFile section */

/* Begin PBXContainerItemProxy section */
		E165D80128726856005FB752 /* PBXContainerItemProxy */ = {
			isa = PBXContainerItemProxy;
			containerPortal = E165D7E228726854005FB752 /* Project object */;
			proxyType = 1;
			remoteGlobalIDString = E165D7E928726854005FB752;
			remoteInfo = MyProyectStoryboard;
		};
		E165D80B28726856005FB752 /* PBXContainerItemProxy */ = {
			isa = PBXContainerItemProxy;
			containerPortal = E165D7E228726854005FB752 /* Project object */;
			proxyType = 1;
			remoteGlobalIDString = E165D7E928726854005FB752;
			remoteInfo = MyProyectStoryboard;
		};
/* End PBXContainerItemProxy section */

/* Begin PBXFileReference section */
		E165D7EA28726854005FB752 /* MyProyectStoryboard.app */ = {isa = PBXFileReference; explicitFileType = wrapper.application; includeInIndex = 0; path = MyProyectStoryboard.app; sourceTree = BUILT_PRODUCTS_DIR; };
		E165D7ED28726854005FB752 /* AppDelegate.swift */ = {isa = PBXFileReference; lastKnownFileType = sourcecode.swift; path = AppDelegate.swift; sourceTree = "<group>"; };
		E165D7EF28726854005FB752 /* SceneDelegate.swift */ = {isa = PBXFileReference; lastKnownFileType = sourcecode.swift; path = SceneDelegate.swift; sourceTree = "<group>"; };
		E165D7F128726854005FB752 /* ViewController.swift */ = {isa = PBXFileReference; lastKnownFileType = sourcecode.swift; path = ViewController.swift; sourceTree = "<group>"; };
		E165D7F428726854005FB752 /* Base */ = {isa = PBXFileReference; lastKnownFileType = file.storyboard; name = Base; path = Base.lproj/Main.storyboard; sourceTree = "<group>"; };
		E165D7F628726856005FB752 /* Assets.xcassets */ = {isa = PBXFileReference; lastKnownFileType = folder.assetcatalog; path = Assets.xcassets; sourceTree = "<group>"; };
		E165D7F928726856005FB752 /* Base */ = {isa = PBXFileReference; lastKnownFileType = file.storyboard; name = Base; path = Base.lproj/LaunchScreen.storyboard; sourceTree = "<group>"; };
		E165D7FB28726856005FB752 /* Info.plist */ = {isa = PBXFileReference; lastKnownFileType = text.plist.xml; path = Info.plist; sourceTree = "<group>"; };
		E165D80028726856005FB752 /* MyProyectStoryboardTests.xctest */ = {isa = PBXFileReference; explicitFileType = wrapper.cfbundle; includeInIndex = 0; path = MyProyectStoryboardTests.xctest; sourceTree = BUILT_PRODUCTS_DIR; };
		E165D80428726856005FB752 /* MyProyectStoryboardTests.swift */ = {isa = PBXFileReference; lastKnownFileType = sourcecode.swift; path = MyProyectStoryboardTests.swift; sourceTree = "<group>"; };
		E165D80A28726856005FB752 /* MyProyectStoryboardUITests.xctest */ = {isa = PBXFileReference; explicitFileType = wrapper.cfbundle; includeInIndex = 0; path = MyProyectStoryboardUITests.xctest; sourceTree = BUILT_PRODUCTS_DIR; };
		E165D80E28726856005FB752 /* MyProyectStoryboardUITests.swift */ = {isa = PBXFileReference; lastKnownFileType = sourcecode.swift; path = MyProyectStoryboardUITests.swift; sourceTree = "<group>"; };
		E165D81028726856005FB752 /* MyProyectStoryboardUITestsLaunchTests.swift */ = {isa = PBXFileReference; lastKnownFileType = sourcecode.swift; path = MyProyectStoryboardUITestsLaunchTests.swift; sourceTree = "<group>"; };
/* End PBXFileReference section */

/* Begin PBXFrameworksBuildPhase section */
		E165D7E728726854005FB752 /* Frameworks */ = {
			isa = PBXFrameworksBuildPhase;
			buildActionMask = 2147483647;
			files = (
			);
			runOnlyForDeploymentPostprocessing = 0;
		};
		E165D7FD28726856005FB752 /* Frameworks */ = {
			isa = PBXFrameworksBuildPhase;
			buildActionMask = 2147483647;
			files = (
			);
			runOnlyForDeploymentPostprocessing = 0;
		};
		E165D80728726856005FB752 /* Frameworks */ = {
			isa = PBXFrameworksBuildPhase;
			buildActionMask = 2147483647;
			files = (
			);
			runOnlyForDeploymentPostprocessing = 0;
		};
/* End PBXFrameworksBuildPhase section */

/* Begin PBXGroup section */
		E165D7E128726854005FB752 = {
			isa = PBXGroup;
			children = (
				E165D7EC28726854005FB752 /* MyProyectStoryboard */,
				E165D80328726856005FB752 /* MyProyectStoryboardTests */,
				E165D80D28726856005FB752 /* MyProyectStoryboardUITests */,
				E165D7EB28726854005FB752 /* Products */,
			);
			sourceTree = "<group>";
		};
		E165D7EB28726854005FB752 /* Products */ = {
			isa = PBXGroup;
			children = (
				E165D7EA28726854005FB752 /* MyProyectStoryboard.app */,
				E165D80028726856005FB752 /* MyProyectStoryboardTests.xctest */,
				E165D80A28726856005FB752 /* MyProyectStoryboardUITests.xctest */,
			);
			name = Products;
			sourceTree = "<group>";
		};
		E165D7EC28726854005FB752 /* MyProyectStoryboard */ = {
			isa = PBXGroup;
			children = (
				E165D7ED28726854005FB752 /* AppDelegate.swift */,
				E165D7EF28726854005FB752 /* SceneDelegate.swift */,
				E165D7F128726854005FB752 /* ViewController.swift */,
				E165D7F328726854005FB752 /* Main.storyboard */,
				E165D7F628726856005FB752 /* Assets.xcassets */,
				E165D7F828726856005FB752 /* LaunchScreen.storyboard */,
				E165D7FB28726856005FB752 /* Info.plist */,
			);
			path = MyProyectStoryboard;
			sourceTree = "<group>";
		};
		E165D80328726856005FB752 /* MyProyectStoryboardTests */ = {
			isa = PBXGroup;
			children = (
				E165D80428726856005FB752 /* MyProyectStoryboardTests.swift */,
			);
			path = MyProyectStoryboardTests;
			sourceTree = "<group>";
		};
		E165D80D28726856005FB752 /* MyProyectStoryboardUITests */ = {
			isa = PBXGroup;
			children = (
				E165D80E28726856005FB752 /* MyProyectStoryboardUITests.swift */,
				E165D81028726856005FB752 /* MyProyectStoryboardUITestsLaunchTests.swift */,
			);
			path = MyProyectStoryboardUITests;
			sourceTree = "<group>";
		};
/* End PBXGroup section */

/* Begin PBXNativeTarget section */
		E165D7E928726854005FB752 /* MyProyectStoryboard */ = {
			isa = PBXNativeTarget;
			buildConfigurationList = E165D81428726856005FB752 /* Build configuration list for PBXNativeTarget "MyProyectStoryboard" */;
			buildPhases = (
				E165D7E628726854005FB752 /* Sources */,
				E165D7E728726854005FB752 /* Frameworks */,
				E165D7E828726854005FB752 /* Resources */,
			);
			buildRules = (
			);
			dependencies = (
			);
			name = MyProyectStoryboard;
			productName = MyProyectStoryboard;
			productReference = E165D7EA28726854005FB752 /* MyProyectStoryboard.app */;
			productType = "com.apple.product-type.application";
		};
		E165D7FF28726856005FB752 /* MyProyectStoryboardTests */ = {
			isa = PBXNativeTarget;
			buildConfigurationList = E165D81728726856005FB752 /* Build configuration list for PBXNativeTarget "MyProyectStoryboardTests" */;
			buildPhases = (
				E165D7FC28726856005FB752 /* Sources */,
				E165D7FD28726856005FB752 /* Frameworks */,
				E165D7FE28726856005FB752 /* Resources */,
			);
			buildRules = (
			);
			dependencies = (
				E165D80228726856005FB752 /* PBXTargetDependency */,
			);
			name = MyProyectStoryboardTests;
			productName = MyProyectStoryboardTests;
			productReference = E165D80028726856005FB752 /* MyProyectStoryboardTests.xctest */;
			productType = "com.apple.product-type.bundle.unit-test";
		};
		E165D80928726856005FB752 /* MyProyectStoryboardUITests */ = {
			isa = PBXNativeTarget;
			buildConfigurationList = E165D81A28726856005FB752 /* Build configuration list for PBXNativeTarget "MyProyectStoryboardUITests" */;
			buildPhases = (
				E165D80628726856005FB752 /* Sources */,
				E165D80728726856005FB752 /* Frameworks */,
				E165D80828726856005FB752 /* Resources */,
			);
			buildRules = (
			);
			dependencies = (
				E165D80C28726856005FB752 /* PBXTargetDependency */,
			);
			name = MyProyectStoryboardUITests;
			productName = MyProyectStoryboardUITests;
			productReference = E165D80A28726856005FB752 /* MyProyectStoryboardUITests.xctest */;
			productType = "com.apple.product-type.bundle.ui-testing";
		};
/* End PBXNativeTarget section */

/* Begin PBXProject section */
		E165D7E228726854005FB752 /* Project object */ = {
			isa = PBXProject;
			attributes = {
				BuildIndependentTargetsInParallel = 1;
				LastSwiftUpdateCheck = 1340;
				LastUpgradeCheck = 1340;
				TargetAttributes = {
					E165D7E928726854005FB752 = {
						CreatedOnToolsVersion = 13.4.1;
					};
					E165D7FF28726856005FB752 = {
						CreatedOnToolsVersion = 13.4.1;
						TestTargetID = E165D7E928726854005FB752;
					};
					E165D80928726856005FB752 = {
						CreatedOnToolsVersion = 13.4.1;
						TestTargetID = E165D7E928726854005FB752;
					};
				};
			};
			buildConfigurationList = E165D7E528726854005FB752 /* Build configuration list for PBXProject "MyProyectStoryboard" */;
			compatibilityVersion = "Xcode 13.0";
			developmentRegion = en;
			hasScannedForEncodings = 0;
			knownRegions = (
				en,
				Base,
			);
			mainGroup = E165D7E128726854005FB752;
			productRefGroup = E165D7EB28726854005FB752 /* Products */;
			projectDirPath = "";
			projectRoot = "";
			targets = (
				E165D7E928726854005FB752 /* MyProyectStoryboard */,
				E165D7FF28726856005FB752 /* MyProyectStoryboardTests */,
				E165D80928726856005FB752 /* MyProyectStoryboardUITests */,
			);
		};
/* End PBXProject section */

/* Begin PBXResourcesBuildPhase section */
		E165D7E828726854005FB752 /* Resources */ = {
			isa = PBXResourcesBuildPhase;
			buildActionMask = 2147483647;
			files = (
				E165D7FA28726856005FB752 /* LaunchScreen.storyboard in Resources */,
				E165D7F728726856005FB752 /* Assets.xcassets in Resources */,
				E165D7F528726854005FB752 /* Main.storyboard in Resources */,
			);
			runOnlyForDeploymentPostprocessing = 0;
		};
		E165D7FE28726856005FB752 /* Resources */ = {
			isa = PBXResourcesBuildPhase;
			buildActionMask = 2147483647;
			files = (
			);
			runOnlyForDeploymentPostprocessing = 0;
		};
		E165D80828726856005FB752 /* Resources */ = {
			isa = PBXResourcesBuildPhase;
			buildActionMask = 2147483647;
			files = (
			);
			runOnlyForDeploymentPostprocessing = 0;
		};
/* End PBXResourcesBuildPhase section */

/* Begin PBXSourcesBuildPhase section */
		E165D7E628726854005FB752 /* Sources */ = {
			isa = PBXSourcesBuildPhase;
			buildActionMask = 2147483647;
			files = (
				E165D7F228726854005FB752 /* ViewController.swift in Sources */,
				E165D7EE28726854005FB752 /* AppDelegate.swift in Sources */,
				E165D7F028726854005FB752 /* SceneDelegate.swift in Sources */,
			);
			runOnlyForDeploymentPostprocessing = 0;
		};
		E165D7FC28726856005FB752 /* Sources */ = {
			isa = PBXSourcesBuildPhase;
			buildActionMask = 2147483647;
			files = (
				E165D80528726856005FB752 /* MyProyectStoryboardTests.swift in Sources */,
			);
			runOnlyForDeploymentPostprocessing = 0;
		};
		E165D80628726856005FB752 /* Sources */ = {
			isa = PBXSourcesBuildPhase;
			buildActionMask = 2147483647;
			files = (
				E165D81128726856005FB752 /* MyProyectStoryboardUITestsLaunchTests.swift in Sources */,
				E165D80F28726856005FB752 /* MyProyectStoryboardUITests.swift in Sources */,
			);
			runOnlyForDeploymentPostprocessing = 0;
		};
/* End PBXSourcesBuildPhase section */

/* Begin PBXTargetDependency section */
		E165D80228726856005FB752 /* PBXTargetDependency */ = {
			isa = PBXTargetDependency;
			target = E165D7E928726854005FB752 /* MyProyectStoryboard */;
			targetProxy = E165D80128726856005FB752 /* PBXContainerItemProxy */;
		};
		E165D80C28726856005FB752 /* PBXTargetDependency */ = {
			isa = PBXTargetDependency;
			target = E165D7E928726854005FB752 /* MyProyectStoryboard */;
			targetProxy = E165D80B28726856005FB752 /* PBXContainerItemProxy */;
		};
/* End PBXTargetDependency section */

/* Begin PBXVariantGroup section */
		E165D7F328726854005FB752 /* Main.storyboard */ = {
			isa = PBXVariantGroup;
			children = (
				E165D7F428726854005FB752 /* Base */,
			);
			name = Main.storyboard;
			sourceTree = "<group>";
		};
		E165D7F828726856005FB752 /* LaunchScreen.storyboard */ = {
			isa = PBXVariantGroup;
			children = (
				E165D7F928726856005FB752 /* Base */,
			);
			name = LaunchScreen.storyboard;
			sourceTree = "<group>";
		};
/* End PBXVariantGroup section */

/* Begin XCBuildConfiguration section */
		E165D81228726856005FB752 /* Debug */ = {
			isa = XCBuildConfiguration;
			buildSettings = {
				ALWAYS_SEARCH_USER_PATHS = NO;
				CLANG_ANALYZER_NONNULL = YES;
				CLANG_ANALYZER_NUMBER_OBJECT_CONVERSION = YES_AGGRESSIVE;
				CLANG_CXX_LANGUAGE_STANDARD = "gnu++17";
				CLANG_ENABLE_MODULES = YES;
				CLANG_ENABLE_OBJC_ARC = YES;
				CLANG_ENABLE_OBJC_WEAK = YES;
				CLANG_WARN_BLOCK_CAPTURE_AUTORELEASING = YES;
				CLANG_WARN_BOOL_CONVERSION = YES;
				CLANG_WARN_COMMA = YES;
				CLANG_WARN_CONSTANT_CONVERSION = YES;
				CLANG_WARN_DEPRECATED_OBJC_IMPLEMENTATIONS = YES;
				CLANG_WARN_DIRECT_OBJC_ISA_USAGE = YES_ERROR;
				CLANG_WARN_DOCUMENTATION_COMMENTS = YES;
				CLANG_WARN_EMPTY_BODY = YES;
				CLANG_WARN_ENUM_CONVERSION = YES;
				CLANG_WARN_INFINITE_RECURSION = YES;
				CLANG_WARN_INT_CONVERSION = YES;
				CLANG_WARN_NON_LITERAL_NULL_CONVERSION = YES;
				CLANG_WARN_OBJC_IMPLICIT_RETAIN_SELF = YES;
				CLANG_WARN_OBJC_LITERAL_CONVERSION = YES;
				CLANG_WARN_OBJC_ROOT_CLASS = YES_ERROR;
				CLANG_WARN_QUOTED_INCLUDE_IN_FRAMEWORK_HEADER = YES;
				CLANG_WARN_RANGE_LOOP_ANALYSIS = YES;
				CLANG_WARN_STRICT_PROTOTYPES = YES;
				CLANG_WARN_SUSPICIOUS_MOVE = YES;
				CLANG_WARN_UNGUARDED_AVAILABILITY = YES_AGGRESSIVE;
				CLANG_WARN_UNREACHABLE_CODE = YES;
				CLANG_WARN__DUPLICATE_METHOD_MATCH = YES;
				COPY_PHASE_STRIP = NO;
				DEBUG_INFORMATION_FORMAT = dwarf;
				ENABLE_STRICT_OBJC_MSGSEND = YES;
				ENABLE_TESTABILITY = YES;
				GCC_C_LANGUAGE_STANDARD = gnu11;
				GCC_DYNAMIC_NO_PIC = NO;
				GCC_NO_COMMON_BLOCKS = YES;
				GCC_OPTIMIZATION_LEVEL = 0;
				GCC_PREPROCESSOR_DEFINITIONS = (
					"DEBUG=1",
					"$(inherited)",
				);
				GCC_WARN_64_TO_32_BIT_CONVERSION = YES;
				GCC_WARN_ABOUT_RETURN_TYPE = YES_ERROR;
				GCC_WARN_UNDECLARED_SELECTOR = YES;
				GCC_WARN_UNINITIALIZED_AUTOS = YES_AGGRESSIVE;
				GCC_WARN_UNUSED_FUNCTION = YES;
				GCC_WARN_UNUSED_VARIABLE = YES;
				IPHONEOS_DEPLOYMENT_TARGET = 15.5;
				MTL_ENABLE_DEBUG_INFO = INCLUDE_SOURCE;
				MTL_FAST_MATH = YES;
				ONLY_ACTIVE_ARCH = YES;
				SDKROOT = iphoneos;
				SWIFT_ACTIVE_COMPILATION_CONDITIONS = DEBUG;
				SWIFT_OPTIMIZATION_LEVEL = "-Onone";
			};
			name = Debug;
		};
		E165D81328726856005FB752 /* Release */ = {
			isa = XCBuildConfiguration;
			buildSettings = {
				ALWAYS_SEARCH_USER_PATHS = NO;
				CLANG_ANALYZER_NONNULL = YES;
				CLANG_ANALYZER_NUMBER_OBJECT_CONVERSION = YES_AGGRESSIVE;
				CLANG_CXX_LANGUAGE_STANDARD = "gnu++17";
				CLANG_ENABLE_MODULES = YES;
				CLANG_ENABLE_OBJC_ARC = YES;
				CLANG_ENABLE_OBJC_WEAK = YES;
				CLANG_WARN_BLOCK_CAPTURE_AUTORELEASING = YES;
				CLANG_WARN_BOOL_CONVERSION = YES;
				CLANG_WARN_COMMA = YES;
				CLANG_WARN_CONSTANT_CONVERSION = YES;
				CLANG_WARN_DEPRECATED_OBJC_IMPLEMENTATIONS = YES;
				CLANG_WARN_DIRECT_OBJC_ISA_USAGE = YES_ERROR;
				CLANG_WARN_DOCUMENTATION_COMMENTS = YES;
				CLANG_WARN_EMPTY_BODY = YES;
				CLANG_WARN_ENUM_CONVERSION = YES;
				CLANG_WARN_INFINITE_RECURSION = YES;
				CLANG_WARN_INT_CONVERSION = YES;
				CLANG_WARN_NON_LITERAL_NULL_CONVERSION = YES;
				CLANG_WARN_OBJC_IMPLICIT_RETAIN_SELF = YES;
				CLANG_WARN_OBJC_LITERAL_CONVERSION = YES;
				CLANG_WARN_OBJC_ROOT_CLASS = YES_ERROR;
				CLANG_WARN_QUOTED_INCLUDE_IN_FRAMEWORK_HEADER = YES;
				CLANG_WARN_RANGE_LOOP_ANALYSIS = YES;
				CLANG_WARN_STRICT_PROTOTYPES = YES;
				CLANG_WARN_SUSPICIOUS_MOVE = YES;
				CLANG_WARN_UNGUARDED_AVAILABILITY = YES_AGGRESSIVE;
				CLANG_WARN_UNREACHABLE_CODE = YES;
				CLANG_WARN__DUPLICATE_METHOD_MATCH = YES;
				COPY_PHASE_STRIP = NO;
				DEBUG_INFORMATION_FORMAT = "dwarf-with-dsym";
				ENABLE_NS_ASSERTIONS = NO;
				ENABLE_STRICT_OBJC_MSGSEND = YES;
				GCC_C_LANGUAGE_STANDARD = gnu11;
				GCC_NO_COMMON_BLOCKS = YES;
				GCC_WARN_64_TO_32_BIT_CONVERSION = YES;
				GCC_WARN_ABOUT_RETURN_TYPE = YES_ERROR;
				GCC_WARN_UNDECLARED_SELECTOR = YES;
				GCC_WARN_UNINITIALIZED_AUTOS = YES_AGGRESSIVE;
				GCC_WARN_UNUSED_FUNCTION = YES;
				GCC_WARN_UNUSED_VARIABLE = YES;
				IPHONEOS_DEPLOYMENT_TARGET = 15.5;
				MTL_ENABLE_DEBUG_INFO = NO;
				MTL_FAST_MATH = YES;
				SDKROOT = iphoneos;
				SWIFT_COMPILATION_MODE = wholemodule;
				SWIFT_OPTIMIZATION_LEVEL = "-O";
				VALIDATE_PRODUCT = YES;
			};
			name = Release;
		};
		E165D81528726856005FB752 /* Debug */ = {
			isa = XCBuildConfiguration;
			buildSettings = {
				ASSETCATALOG_COMPILER_APPICON_NAME = AppIcon;
				ASSETCATALOG_COMPILER_GLOBAL_ACCENT_COLOR_NAME = AccentColor;
				CODE_SIGN_STYLE = Automatic;
				CURRENT_PROJECT_VERSION = 1;
				GENERATE_INFOPLIST_FILE = YES;
				INFOPLIST_FILE = MyProyectStoryboard/Info.plist;
				INFOPLIST_KEY_UIApplicationSupportsIndirectInputEvents = YES;
				INFOPLIST_KEY_UILaunchStoryboardName = LaunchScreen;
				INFOPLIST_KEY_UIMainStoryboardFile = Main;
				INFOPLIST_KEY_UISupportedInterfaceOrientations_iPad = "UIInterfaceOrientationPortrait UIInterfaceOrientationPortraitUpsideDown UIInterfaceOrientationLandscapeLeft UIInterfaceOrientationLandscapeRight";
				INFOPLIST_KEY_UISupportedInterfaceOrientations_iPhone = "UIInterfaceOrientationPortrait UIInterfaceOrientationLandscapeLeft UIInterfaceOrientationLandscapeRight";
				LD_RUNPATH_SEARCH_PATHS = (
					"$(inherited)",
					"@executable_path/Frameworks",
				);
				MARKETING_VERSION = 1.0;
				PRODUCT_BUNDLE_IDENTIFIER = example.MyProyectStoryboard;
				PRODUCT_NAME = "$(TARGET_NAME)";
				SWIFT_EMIT_LOC_STRINGS = YES;
				SWIFT_VERSION = 5.0;
				TARGETED_DEVICE_FAMILY = "1,2";
			};
			name = Debug;
		};
		E165D81628726856005FB752 /* Release */ = {
			isa = XCBuildConfiguration;
			buildSettings = {
				ASSETCATALOG_COMPILER_APPICON_NAME = AppIcon;
				ASSETCATALOG_COMPILER_GLOBAL_ACCENT_COLOR_NAME = AccentColor;
				CODE_SIGN_STYLE = Automatic;
				CURRENT_PROJECT_VERSION = 1;
				GENERATE_INFOPLIST_FILE = YES;
				INFOPLIST_FILE = MyProyectStoryboard/Info.plist;
				INFOPLIST_KEY_UIApplicationSupportsIndirectInputEvents = YES;
				INFOPLIST_KEY_UILaunchStoryboardName = LaunchScreen;
				INFOPLIST_KEY_UIMainStoryboardFile = Main;
				INFOPLIST_KEY_UISupportedInterfaceOrientations_iPad = "UIInterfaceOrientationPortrait UIInterfaceOrientationPortraitUpsideDown UIInterfaceOrientationLandscapeLeft UIInterfaceOrientationLandscapeRight";
				INFOPLIST_KEY_UISupportedInterfaceOrientations_iPhone = "UIInterfaceOrientationPortrait UIInterfaceOrientationLandscapeLeft UIInterfaceOrientationLandscapeRight";
				LD_RUNPATH_SEARCH_PATHS = (
					"$(inherited)",
					"@executable_path/Frameworks",
				);
				MARKETING_VERSION = 1.0;
				PRODUCT_BUNDLE_IDENTIFIER = example.MyProyectStoryboard;
				PRODUCT_NAME = "$(TARGET_NAME)";
				SWIFT_EMIT_LOC_STRINGS = YES;
				SWIFT_VERSION = 5.0;
				TARGETED_DEVICE_FAMILY = "1,2";
			};
			name = Release;
		};
		E165D81828726856005FB752 /* Debug */ = {
			isa = XCBuildConfiguration;
			buildSettings = {
				ALWAYS_EMBED_SWIFT_STANDARD_LIBRARIES = YES;
				BUNDLE_LOADER = "$(TEST_HOST)";
				CODE_SIGN_STYLE = Automatic;
				CURRENT_PROJECT_VERSION = 1;
				GENERATE_INFOPLIST_FILE = YES;
				IPHONEOS_DEPLOYMENT_TARGET = 15.5;
				MARKETING_VERSION = 1.0;
				PRODUCT_BUNDLE_IDENTIFIER = example.MyProyectStoryboardTests;
				PRODUCT_NAME = "$(TARGET_NAME)";
				SWIFT_EMIT_LOC_STRINGS = NO;
				SWIFT_VERSION = 5.0;
				TARGETED_DEVICE_FAMILY = "1,2";
				TEST_HOST = "$(BUILT_PRODUCTS_DIR)/MyProyectStoryboard.app/MyProyectStoryboard";
			};
			name = Debug;
		};
		E165D81928726856005FB752 /* Release */ = {
			isa = XCBuildConfiguration;
			buildSettings = {
				ALWAYS_EMBED_SWIFT_STANDARD_LIBRARIES = YES;
				BUNDLE_LOADER = "$(TEST_HOST)";
				CODE_SIGN_STYLE = Automatic;
				CURRENT_PROJECT_VERSION = 1;
				GENERATE_INFOPLIST_FILE = YES;
				IPHONEOS_DEPLOYMENT_TARGET = 15.5;
				MARKETING_VERSION = 1.0;
				PRODUCT_BUNDLE_IDENTIFIER = example.MyProyectStoryboardTests;
				PRODUCT_NAME = "$(TARGET_NAME)";
				SWIFT_EMIT_LOC_STRINGS = NO;
				SWIFT_VERSION = 5.0;
				TARGETED_DEVICE_FAMILY = "1,2";
				TEST_HOST = "$(BUILT_PRODUCTS_DIR)/MyProyectStoryboard.app/MyProyectStoryboard";
			};
			name = Release;
		};
		E165D81B28726856005FB752 /* Debug */ = {
			isa = XCBuildConfiguration;
			buildSettings = {
				ALWAYS_EMBED_SWIFT_STANDARD_LIBRARIES = YES;
				CODE_SIGN_STYLE = Automatic;
				CURRENT_PROJECT_VERSION = 1;
				GENERATE_INFOPLIST_FILE = YES;
				MARKETING_VERSION = 1.0;
				PRODUCT_BUNDLE_IDENTIFIER = example.MyProyectStoryboardUITests;
				PRODUCT_NAME = "$(TARGET_NAME)";
				SWIFT_EMIT_LOC_STRINGS = NO;
				SWIFT_VERSION = 5.0;
				TARGETED_DEVICE_FAMILY = "1,2";
				TEST_TARGET_NAME = MyProyectStoryboard;
			};
			name = Debug;
		};
		E165D81C28726856005FB752 /* Release */ = {
			isa = XCBuildConfiguration;
			buildSettings = {
				ALWAYS_EMBED_SWIFT_STANDARD_LIBRARIES = YES;
				CODE_SIGN_STYLE = Automatic;
				CURRENT_PROJECT_VERSION = 1;
				GENERATE_INFOPLIST_FILE = YES;
				MARKETING_VERSION = 1.0;
				PRODUCT_BUNDLE_IDENTIFIER = example.MyProyectStoryboardUITests;
				PRODUCT_NAME = "$(TARGET_NAME)";
				SWIFT_EMIT_LOC_STRINGS = NO;
				SWIFT_VERSION = 5.0;
				TARGETED_DEVICE_FAMILY = "1,2";
				TEST_TARGET_NAME = MyProyectStoryboard;
			};
			name = Release;
		};
/* End XCBuildConfiguration section */

/* Begin XCConfigurationList section */
		E165D7E528726854005FB752 /* Build configuration list for PBXProject "MyProyectStoryboard" */ = {
			isa = XCConfigurationList;
			buildConfigurations = (
				E165D81228726856005FB752 /* Debug */,
				E165D81328726856005FB752 /* Release */,
			);
			defaultConfigurationIsVisible = 0;
			defaultConfigurationName = Release;
		};
		E165D81428726856005FB752 /* Build configuration list for PBXNativeTarget "MyProyectStoryboard" */ = {
			isa = XCConfigurationList;
			buildConfigurations = (
				E165D81528726856005FB752 /* Debug */,
				E165D81628726856005FB752 /* Release */,
			);
			defaultConfigurationIsVisible = 0;
			defaultConfigurationName = Release;
		};
		E165D81728726856005FB752 /* Build configuration list for PBXNativeTarget "MyProyectStoryboardTests" */ = {
			isa = XCConfigurationList;
			buildConfigurations = (
				E165D81828726856005FB752 /* Debug */,
				E165D81928726856005FB752 /* Release */,
			);
			defaultConfigurationIsVisible = 0;
			defaultConfigurationName = Release;
		};
		E165D81A28726856005FB752 /* Build configuration list for PBXNativeTarget "MyProyectStoryboardUITests" */ = {
			isa = XCConfigurationList;
			buildConfigurations = (
				E165D81B28726856005FB752 /* Debug */,
				E165D81C28726856005FB752 /* Release */,
			);
			defaultConfigurationIsVisible = 0;
			defaultConfigurationName = Release;
		};
/* End XCConfigurationList section */
	};
	rootObject = E165D7E228726854005FB752 /* Project object */;
}
